// !$*UTF8*$!
{
	archiveVersion = 1;
	classes = {
	};
	objectVersion = 54;
	objects = {

/* Begin PBXBuildFile section */
		166B33BFB9A75AF9C492FAB7 /* Foundation.framework in Frameworks */ = {isa = PBXBuildFile; fileRef = 2BC06E9B21BC5812F80BFD33 /* Foundation.framework */; };
		2755A266C82305C78597E242 /* PartoutIntegration.swift in Sources */ = {isa = PBXBuildFile; fileRef = DC364A40FF90AC13131DDA2E /* PartoutIntegration.swift */; };
		38B63D2146F4FA4670DBD0A7 /* OpenVPNProfile.swift in Sources */ = {isa = PBXBuildFile; fileRef = 813531AB7F0CAD4AC8EE5CD4 /* OpenVPNProfile.swift */; };
		406EF6662BA1568F79DAB539 /* ContentView.swift in Sources */ = {isa = PBXBuildFile; fileRef = 0920F4E0A0C710DFF1756F7E /* ContentView.swift */; };
		41BE449EEB2EF1021E6C9539 /* PartoutIntegration.swift in Sources */ = {isa = PBXBuildFile; fileRef = DC364A40FF90AC13131DDA2E /* PartoutIntegration.swift */; };
		42DA13CD78ED348411A56BA9 /* SharedContainer.swift in Sources */ = {isa = PBXBuildFile; fileRef = C9B212853E7BA28B8F7DBC0F /* SharedContainer.swift */; };
		5CB375F4955E635926678EF4 /* OpenVPNProfile.swift in Sources */ = {isa = PBXBuildFile; fileRef = 813531AB7F0CAD4AC8EE5CD4 /* OpenVPNProfile.swift */; };
		730647602CD4AF723F8A42FC /* AppConstants.swift in Sources */ = {isa = PBXBuildFile; fileRef = 70C398066A3E3FB2C1BC49D4 /* AppConstants.swift */; };
		7E36A555C38FA0CD4B5DD64D /* PacketTunnelProvider.swift in Sources */ = {isa = PBXBuildFile; fileRef = 6F062EFB76E60430B61B52E1 /* PacketTunnelProvider.swift */; };
		7F6549557F0E1F545F2F1488 /* PacketTunnel.appex in Embed App Extensions */ = {isa = PBXBuildFile; fileRef = 2EFD782FE62C0FF2B26E331B /* PacketTunnel.appex */; settings = {ATTRIBUTES = (RemoveHeadersOnCopy, ); }; };
		8FFA8798DB0C04B8B4B3B008 /* partout in Frameworks */ = {isa = PBXBuildFile; productRef = D13DFD08F610AC99158ECC32 /* partout */; };
		9CAD773A7143398FEAE4224E /* SharedContainer.swift in Sources */ = {isa = PBXBuildFile; fileRef = C9B212853E7BA28B8F7DBC0F /* SharedContainer.swift */; };
		A092851B23445D6373E11238 /* VPNController.swift in Sources */ = {isa = PBXBuildFile; fileRef = BB567E5E082905BF6C40E935 /* VPNController.swift */; };
		AE3BD6085DE94A03E6BFE8C7 /* Foundation.framework in Frameworks */ = {isa = PBXBuildFile; fileRef = 2BC06E9B21BC5812F80BFD33 /* Foundation.framework */; };
		C7CB2423730682C1806934D9 /* ProfileUploadServer.swift in Sources */ = {isa = PBXBuildFile; fileRef = EA7A4DF88D9BCCA2CE4CFB52 /* ProfileUploadServer.swift */; };
		D4950CEEEB9200031F2E78EF /* OVPNParser.swift in Sources */ = {isa = PBXBuildFile; fileRef = F2958CEF41E7FE7B16E1409B /* OVPNParser.swift */; };
		D7A1CFD7A1A72B78200F1D7F /* TVOpenVPNClientApp.swift in Sources */ = {isa = PBXBuildFile; fileRef = 69B814B9DA6CC072B397B1CA /* TVOpenVPNClientApp.swift */; };
		E2C63F217F3E6DD4C18719E5 /* partout in Frameworks */ = {isa = PBXBuildFile; productRef = 757C5F38BFAB2C79B9C6C9A3 /* partout */; };
		F471E54F4557663D9F538F99 /* AppConstants.swift in Sources */ = {isa = PBXBuildFile; fileRef = 70C398066A3E3FB2C1BC49D4 /* AppConstants.swift */; };
		F720572230C64324423DE2F4 /* OVPNParser.swift in Sources */ = {isa = PBXBuildFile; fileRef = F2958CEF41E7FE7B16E1409B /* OVPNParser.swift */; };
		F971D3961C2F80CD8A692DDD /* ProfileStore.swift in Sources */ = {isa = PBXBuildFile; fileRef = 900D6EB67BF504AD2199E297 /* ProfileStore.swift */; };
/* End PBXBuildFile section */

/* Begin PBXContainerItemProxy section */
		084E65380A24DF5D2E162D0C /* PBXContainerItemProxy */ = {
			isa = PBXContainerItemProxy;
			containerPortal = FC7488A89903287312EDBF2A /* Project object */;
			proxyType = 1;
			remoteGlobalIDString = DE57B9BED868EA915947C41C;
			remoteInfo = PacketTunnel;
		};
/* End PBXContainerItemProxy section */

/* Begin PBXCopyFilesBuildPhase section */
		97E452073F01BAD12838BE77 /* Embed App Extensions */ = {
			isa = PBXCopyFilesBuildPhase;
			buildActionMask = 2147483647;
			dstPath = "";
			dstSubfolderSpec = 13;
			files = (
				7F6549557F0E1F545F2F1488 /* PacketTunnel.appex in Embed App Extensions */,
			);
			name = "Embed App Extensions";
			runOnlyForDeploymentPostprocessing = 0;
		};
/* End PBXCopyFilesBuildPhase section */

/* Begin PBXFileReference section */
		0920F4E0A0C710DFF1756F7E /* ContentView.swift */ = {isa = PBXFileReference; includeInIndex = 1; lastKnownFileType = sourcecode.swift; name = ContentView.swift; path = TVOpenVPNClient/App/ContentView.swift; sourceTree = "<group>"; };
		11C5DB4BFE77B887537063E2 /* PacketTunnel.entitlements */ = {isa = PBXFileReference; includeInIndex = 1; lastKnownFileType = text.plist.entitlements; name = PacketTunnel.entitlements; path = PacketTunnel/PacketTunnel.entitlements; sourceTree = "<group>"; };
		294F6175D2588662594881FC /* TVOpenVPNClient.app */ = {isa = PBXFileReference; explicitFileType = wrapper.application; includeInIndex = 0; path = TVOpenVPNClient.app; sourceTree = BUILT_PRODUCTS_DIR; };
		2BC06E9B21BC5812F80BFD33 /* Foundation.framework */ = {isa = PBXFileReference; lastKnownFileType = wrapper.framework; name = Foundation.framework; path = Platforms/AppleTVOS.platform/Developer/SDKs/AppleTVOS18.0.sdk/System/Library/Frameworks/Foundation.framework; sourceTree = DEVELOPER_DIR; };
		2EFD782FE62C0FF2B26E331B /* PacketTunnel.appex */ = {isa = PBXFileReference; explicitFileType = "wrapper.app-extension"; includeInIndex = 0; path = PacketTunnel.appex; sourceTree = BUILT_PRODUCTS_DIR; };
		69B814B9DA6CC072B397B1CA /* TVOpenVPNClientApp.swift */ = {isa = PBXFileReference; includeInIndex = 1; lastKnownFileType = sourcecode.swift; name = TVOpenVPNClientApp.swift; path = TVOpenVPNClient/App/TVOpenVPNClientApp.swift; sourceTree = "<group>"; };
		6F062EFB76E60430B61B52E1 /* PacketTunnelProvider.swift */ = {isa = PBXFileReference; includeInIndex = 1; lastKnownFileType = sourcecode.swift; name = PacketTunnelProvider.swift; path = PacketTunnel/PacketTunnelProvider.swift; sourceTree = "<group>"; };
		70C398066A3E3FB2C1BC49D4 /* AppConstants.swift */ = {isa = PBXFileReference; includeInIndex = 1; lastKnownFileType = sourcecode.swift; name = AppConstants.swift; path = Shared/AppConstants.swift; sourceTree = "<group>"; };
		7A634CBF0A506637FE6348F8 /* Info.plist */ = {isa = PBXFileReference; includeInIndex = 1; lastKnownFileType = text.plist.xml; name = Info.plist; path = PacketTunnel/Info.plist; sourceTree = "<group>"; };
		813531AB7F0CAD4AC8EE5CD4 /* OpenVPNProfile.swift */ = {isa = PBXFileReference; includeInIndex = 1; lastKnownFileType = sourcecode.swift; name = OpenVPNProfile.swift; path = Shared/OpenVPNProfile.swift; sourceTree = "<group>"; };
		842962DFC344928F599AA119 /* Info.plist */ = {isa = PBXFileReference; includeInIndex = 1; lastKnownFileType = text.plist.xml; name = Info.plist; path = TVOpenVPNClient/App/Info.plist; sourceTree = "<group>"; };
		900D6EB67BF504AD2199E297 /* ProfileStore.swift */ = {isa = PBXFileReference; includeInIndex = 1; lastKnownFileType = sourcecode.swift; name = ProfileStore.swift; path = TVOpenVPNClient/App/ProfileStore.swift; sourceTree = "<group>"; };
		927BBD51606788F97A0A0D75 /* TVOpenVPNClient.entitlements */ = {isa = PBXFileReference; includeInIndex = 1; lastKnownFileType = text.plist.entitlements; name = TVOpenVPNClient.entitlements; path = TVOpenVPNClient/App/TVOpenVPNClient.entitlements; sourceTree = "<group>"; };
		BB567E5E082905BF6C40E935 /* VPNController.swift */ = {isa = PBXFileReference; includeInIndex = 1; lastKnownFileType = sourcecode.swift; name = VPNController.swift; path = TVOpenVPNClient/App/VPNController.swift; sourceTree = "<group>"; };
		C9B212853E7BA28B8F7DBC0F /* SharedContainer.swift */ = {isa = PBXFileReference; includeInIndex = 1; lastKnownFileType = sourcecode.swift; name = SharedContainer.swift; path = Shared/SharedContainer.swift; sourceTree = "<group>"; };
		DC364A40FF90AC13131DDA2E /* PartoutIntegration.swift */ = {isa = PBXFileReference; includeInIndex = 1; lastKnownFileType = sourcecode.swift; name = PartoutIntegration.swift; path = Shared/PartoutIntegration.swift; sourceTree = "<group>"; };
		EA7A4DF88D9BCCA2CE4CFB52 /* ProfileUploadServer.swift */ = {isa = PBXFileReference; includeInIndex = 1; lastKnownFileType = sourcecode.swift; name = ProfileUploadServer.swift; path = TVOpenVPNClient/App/ProfileUploadServer.swift; sourceTree = "<group>"; };
		F2958CEF41E7FE7B16E1409B /* OVPNParser.swift */ = {isa = PBXFileReference; includeInIndex = 1; lastKnownFileType = sourcecode.swift; name = OVPNParser.swift; path = Shared/OVPNParser.swift; sourceTree = "<group>"; };
/* End PBXFileReference section */

/* Begin PBXFrameworksBuildPhase section */
		00B4282E35372D15CBED319F /* Frameworks */ = {
			isa = PBXFrameworksBuildPhase;
			buildActionMask = 2147483647;
			files = (
				166B33BFB9A75AF9C492FAB7 /* Foundation.framework in Frameworks */,
				8FFA8798DB0C04B8B4B3B008 /* partout in Frameworks */,
			);
			runOnlyForDeploymentPostprocessing = 0;
		};
		CD1D366E66F0B9E07EDCB111 /* Frameworks */ = {
			isa = PBXFrameworksBuildPhase;
			buildActionMask = 2147483647;
			files = (
				AE3BD6085DE94A03E6BFE8C7 /* Foundation.framework in Frameworks */,
				E2C63F217F3E6DD4C18719E5 /* partout in Frameworks */,
			);
			runOnlyForDeploymentPostprocessing = 0;
		};
/* End PBXFrameworksBuildPhase section */

/* Begin PBXGroup section */
		2E47E488BC2718B4FFD93CE5 /* Products */ = {
			isa = PBXGroup;
			children = (
				294F6175D2588662594881FC /* TVOpenVPNClient.app */,
				2EFD782FE62C0FF2B26E331B /* PacketTunnel.appex */,
			);
			name = Products;
			sourceTree = "<group>";
		};
		3327CA5552CC0FBBCBD884F3 = {
			isa = PBXGroup;
			children = (
				2E47E488BC2718B4FFD93CE5 /* Products */,
				B5A5B26EF755EF7DA98C0A5B /* Frameworks */,
				97B37885A91082D69AF7F1B7 /* TVOpenVPNClient */,
				DED0057808F1D069BE17DAB3 /* PacketTunnel */,
				C1E377F674E74A53DBFBFF32 /* Shared */,
			);
			sourceTree = "<group>";
		};
		97B37885A91082D69AF7F1B7 /* TVOpenVPNClient */ = {
			isa = PBXGroup;
			children = (
				0920F4E0A0C710DFF1756F7E /* ContentView.swift */,
				900D6EB67BF504AD2199E297 /* ProfileStore.swift */,
				EA7A4DF88D9BCCA2CE4CFB52 /* ProfileUploadServer.swift */,
				69B814B9DA6CC072B397B1CA /* TVOpenVPNClientApp.swift */,
				BB567E5E082905BF6C40E935 /* VPNController.swift */,
				842962DFC344928F599AA119 /* Info.plist */,
				927BBD51606788F97A0A0D75 /* TVOpenVPNClient.entitlements */,
			);
			name = TVOpenVPNClient;
			sourceTree = "<group>";
		};
		B5A5B26EF755EF7DA98C0A5B /* Frameworks */ = {
			isa = PBXGroup;
			children = (
				D1C9057DFFB2630AE196052B /* tvOS */,
			);
			name = Frameworks;
			sourceTree = "<group>";
		};
		C1E377F674E74A53DBFBFF32 /* Shared */ = {
			isa = PBXGroup;
			children = (
				70C398066A3E3FB2C1BC49D4 /* AppConstants.swift */,
				F2958CEF41E7FE7B16E1409B /* OVPNParser.swift */,
				813531AB7F0CAD4AC8EE5CD4 /* OpenVPNProfile.swift */,
				DC364A40FF90AC13131DDA2E /* PartoutIntegration.swift */,
				C9B212853E7BA28B8F7DBC0F /* SharedContainer.swift */,
			);
			name = Shared;
			sourceTree = "<group>";
		};
		D1C9057DFFB2630AE196052B /* tvOS */ = {
			isa = PBXGroup;
			children = (
				2BC06E9B21BC5812F80BFD33 /* Foundation.framework */,
			);
			name = tvOS;
			sourceTree = "<group>";
		};
		DED0057808F1D069BE17DAB3 /* PacketTunnel */ = {
			isa = PBXGroup;
			children = (
				6F062EFB76E60430B61B52E1 /* PacketTunnelProvider.swift */,
				7A634CBF0A506637FE6348F8 /* Info.plist */,
				11C5DB4BFE77B887537063E2 /* PacketTunnel.entitlements */,
			);
			name = PacketTunnel;
			sourceTree = "<group>";
		};
/* End PBXGroup section */

/* Begin PBXNativeTarget section */
		4CDCB194BE7197F79D9ABC29 /* TVOpenVPNClient */ = {
			isa = PBXNativeTarget;
			buildConfigurationList = B3DE279980B23A97FABE8319 /* Build configuration list for PBXNativeTarget "TVOpenVPNClient" */;
			buildPhases = (
				450ADB0618CCBB0CA486758A /* Sources */,
				00B4282E35372D15CBED319F /* Frameworks */,
				4C0BB79550DFE64143248A57 /* Resources */,
				97E452073F01BAD12838BE77 /* Embed App Extensions */,
			);
			buildRules = (
			);
			dependencies = (
				8CB00804D9158EB1836F8B64 /* PBXTargetDependency */,
			);
			name = TVOpenVPNClient;
			packageProductDependencies = (
				D13DFD08F610AC99158ECC32 /* partout */,
			);
			productName = TVOpenVPNClient;
			productReference = 294F6175D2588662594881FC /* TVOpenVPNClient.app */;
			productType = "com.apple.product-type.application";
		};
		DE57B9BED868EA915947C41C /* PacketTunnel */ = {
			isa = PBXNativeTarget;
			buildConfigurationList = ABEA3C8EE85B0E41957AB050 /* Build configuration list for PBXNativeTarget "PacketTunnel" */;
			buildPhases = (
				F4DC676BF2E4779F9256C2F9 /* Sources */,
				CD1D366E66F0B9E07EDCB111 /* Frameworks */,
				D2592585FFB8AFAB139EA591 /* Resources */,
			);
			buildRules = (
			);
			dependencies = (
			);
			name = PacketTunnel;
			packageProductDependencies = (
				757C5F38BFAB2C79B9C6C9A3 /* partout */,
			);
			productName = PacketTunnel;
			productReference = 2EFD782FE62C0FF2B26E331B /* PacketTunnel.appex */;
			productType = "com.apple.product-type.app-extension";
		};
/* End PBXNativeTarget section */

/* Begin PBXProject section */
		FC7488A89903287312EDBF2A /* Project object */ = {
			isa = PBXProject;
			attributes = {
				LastSwiftUpdateCheck = 1600;
				LastUpgradeCheck = 1600;
			};
			buildConfigurationList = 86927D199860A3516E8416BD /* Build configuration list for PBXProject "TVOpenVPNClient" */;
			compatibilityVersion = "Xcode 3.2";
			developmentRegion = en;
			hasScannedForEncodings = 0;
			knownRegions = (
				en,
				Base,
			);
			mainGroup = 3327CA5552CC0FBBCBD884F3;
			packageReferences = (
				B9F28D81E8216EA6F50D3581 /* XCRemoteSwiftPackageReference "partout" */,
			);
			productRefGroup = 2E47E488BC2718B4FFD93CE5 /* Products */;
			projectDirPath = "";
			projectRoot = "";
			targets = (
				4CDCB194BE7197F79D9ABC29 /* TVOpenVPNClient */,
				DE57B9BED868EA915947C41C /* PacketTunnel */,
			);
		};
/* End PBXProject section */

/* Begin PBXResourcesBuildPhase section */
		4C0BB79550DFE64143248A57 /* Resources */ = {
			isa = PBXResourcesBuildPhase;
			buildActionMask = 2147483647;
			files = (
			);
			runOnlyForDeploymentPostprocessing = 0;
		};
		D2592585FFB8AFAB139EA591 /* Resources */ = {
			isa = PBXResourcesBuildPhase;
			buildActionMask = 2147483647;
			files = (
			);
			runOnlyForDeploymentPostprocessing = 0;
		};
/* End PBXResourcesBuildPhase section */

/* Begin PBXSourcesBuildPhase section */
		450ADB0618CCBB0CA486758A /* Sources */ = {
			isa = PBXSourcesBuildPhase;
			buildActionMask = 2147483647;
			files = (
				406EF6662BA1568F79DAB539 /* ContentView.swift in Sources */,
				F971D3961C2F80CD8A692DDD /* ProfileStore.swift in Sources */,
				C7CB2423730682C1806934D9 /* ProfileUploadServer.swift in Sources */,
				D7A1CFD7A1A72B78200F1D7F /* TVOpenVPNClientApp.swift in Sources */,
				A092851B23445D6373E11238 /* VPNController.swift in Sources */,
				F471E54F4557663D9F538F99 /* AppConstants.swift in Sources */,
				F720572230C64324423DE2F4 /* OVPNParser.swift in Sources */,
				5CB375F4955E635926678EF4 /* OpenVPNProfile.swift in Sources */,
				41BE449EEB2EF1021E6C9539 /* PartoutIntegration.swift in Sources */,
				42DA13CD78ED348411A56BA9 /* SharedContainer.swift in Sources */,
			);
			runOnlyForDeploymentPostprocessing = 0;
		};
		F4DC676BF2E4779F9256C2F9 /* Sources */ = {
			isa = PBXSourcesBuildPhase;
			buildActionMask = 2147483647;
			files = (
				7E36A555C38FA0CD4B5DD64D /* PacketTunnelProvider.swift in Sources */,
				730647602CD4AF723F8A42FC /* AppConstants.swift in Sources */,
				D4950CEEEB9200031F2E78EF /* OVPNParser.swift in Sources */,
				38B63D2146F4FA4670DBD0A7 /* OpenVPNProfile.swift in Sources */,
				2755A266C82305C78597E242 /* PartoutIntegration.swift in Sources */,
				9CAD773A7143398FEAE4224E /* SharedContainer.swift in Sources */,
			);
			runOnlyForDeploymentPostprocessing = 0;
		};
/* End PBXSourcesBuildPhase section */

/* Begin PBXTargetDependency section */
		8CB00804D9158EB1836F8B64 /* PBXTargetDependency */ = {
			isa = PBXTargetDependency;
			name = PacketTunnel;
			target = DE57B9BED868EA915947C41C /* PacketTunnel */;
			targetProxy = 084E65380A24DF5D2E162D0C /* PBXContainerItemProxy */;
		};
/* End PBXTargetDependency section */

/* Begin XCBuildConfiguration section */
		3744EF004124DAAFBEF7D889 /* Debug */ = {
			isa = XCBuildConfiguration;
			buildSettings = {
				APPLICATION_GROUP_IDENTIFIER = group.gs.tinythin.TVOpenVPNClient;
				ASSETCATALOG_COMPILER_APPICON_NAME = "";
				ASSETCATALOG_COMPILER_GLOBAL_ACCENT_COLOR_NAME = AccentColor;
				CODE_SIGN_ENTITLEMENTS = TVOpenVPNClient/App/TVOpenVPNClient.entitlements;
				CURRENT_PROJECT_VERSION = 1;
				DEVELOPMENT_TEAM = 8Z6GM947AG;
				"EXCLUDED_ARCHS[sdk=appletvsimulator*]" = x86_64;
				GENERATE_INFOPLIST_FILE = NO;
				INFOPLIST_FILE = TVOpenVPNClient/App/Info.plist;
				LD_RUNPATH_SEARCH_PATHS = (
					"$(inherited)",
					"@executable_path/Frameworks",
				);
				MARKETING_VERSION = 1.0;
				PRODUCT_BUNDLE_IDENTIFIER = gs.tinythin.TVOpenVPNClient;
				SDKROOT = appletvos;
				SWIFT_VERSION = 6.0;
				TARGETED_DEVICE_FAMILY = 3;
				TVOS_DEPLOYMENT_TARGET = 17.0;
			};
			name = Debug;
		};
		4B04F2338471873EA678615A /* Debug */ = {
			isa = XCBuildConfiguration;
			buildSettings = {
				APPLICATION_EXTENSION_API_ONLY = YES;
				APPLICATION_GROUP_IDENTIFIER = group.gs.tinythin.TVOpenVPNClient;
				ASSETCATALOG_COMPILER_APPICON_NAME = "";
				CODE_SIGN_ENTITLEMENTS = PacketTunnel/PacketTunnel.entitlements;
				CURRENT_PROJECT_VERSION = 1;
				DEVELOPMENT_TEAM = 8Z6GM947AG;
				"EXCLUDED_ARCHS[sdk=appletvsimulator*]" = x86_64;
				GENERATE_INFOPLIST_FILE = NO;
				INFOPLIST_FILE = PacketTunnel/Info.plist;
				LD_RUNPATH_SEARCH_PATHS = (
					"$(inherited)",
					"@executable_path/Frameworks",
					"@executable_path/../../Frameworks",
				);
				MARKETING_VERSION = 1.0;
				PRODUCT_BUNDLE_IDENTIFIER = gs.tinythin.TVOpenVPNClient.PacketTunnel;
				SDKROOT = appletvos;
				SWIFT_VERSION = 6.0;
				TVOS_DEPLOYMENT_TARGET = 17.0;
			};
			name = Debug;
		};
		6D3A13FF0F26B03EC6233DB0 /* Release */ = {
			isa = XCBuildConfiguration;
			buildSettings = {
				ALWAYS_SEARCH_USER_PATHS = NO;
				CLANG_ANALYZER_NONNULL = YES;
				CLANG_ANALYZER_NUMBER_OBJECT_CONVERSION = YES_AGGRESSIVE;
				CLANG_CXX_LANGUAGE_STANDARD = "gnu++14";
				CLANG_CXX_LIBRARY = "libc++";
				CLANG_ENABLE_MODULES = YES;
				CLANG_ENABLE_OBJC_ARC = YES;
				CLANG_ENABLE_OBJC_WEAK = YES;
				CLANG_WARN_BLOCK_CAPTURE_AUTORELEASING = YES;
				CLANG_WARN_BOOL_CONVERSION = YES;
				CLANG_WARN_COMMA = YES;
				CLANG_WARN_CONSTANT_CONVERSION = YES;
				CLANG_WARN_DEPRECATED_OBJC_IMPLEMENTATIONS = YES;
				CLANG_WARN_DIRECT_OBJC_ISA_USAGE = YES_ERROR;
				CLANG_WARN_DOCUMENTATION_COMMENTS = YES;
				CLANG_WARN_EMPTY_BODY = YES;
				CLANG_WARN_ENUM_CONVERSION = YES;
				CLANG_WARN_INFINITE_RECURSION = YES;
				CLANG_WARN_INT_CONVERSION = YES;
				CLANG_WARN_NON_LITERAL_NULL_CONVERSION = YES;
				CLANG_WARN_OBJC_IMPLICIT_RETAIN_SELF = YES;
				CLANG_WARN_OBJC_LITERAL_CONVERSION = YES;
				CLANG_WARN_OBJC_ROOT_CLASS = YES_ERROR;
				CLANG_WARN_QUOTED_INCLUDE_IN_FRAMEWORK_HEADER = YES;
				CLANG_WARN_RANGE_LOOP_ANALYSIS = YES;
				CLANG_WARN_STRICT_PROTOTYPES = YES;
				CLANG_WARN_SUSPICIOUS_MOVE = YES;
				CLANG_WARN_UNGUARDED_AVAILABILITY = YES_AGGRESSIVE;
				CLANG_WARN_UNREACHABLE_CODE = YES;
				CLANG_WARN__DUPLICATE_METHOD_MATCH = YES;
				COPY_PHASE_STRIP = NO;
				DEBUG_INFORMATION_FORMAT = "dwarf-with-dsym";
				ENABLE_NS_ASSERTIONS = NO;
				ENABLE_STRICT_OBJC_MSGSEND = YES;
				GCC_C_LANGUAGE_STANDARD = gnu11;
				GCC_NO_COMMON_BLOCKS = YES;
				GCC_WARN_64_TO_32_BIT_CONVERSION = YES;
				GCC_WARN_ABOUT_RETURN_TYPE = YES_ERROR;
				GCC_WARN_UNDECLARED_SELECTOR = YES;
				GCC_WARN_UNINITIALIZED_AUTOS = YES_AGGRESSIVE;
				GCC_WARN_UNUSED_FUNCTION = YES;
				GCC_WARN_UNUSED_VARIABLE = YES;
				MTL_ENABLE_DEBUG_INFO = NO;
				MTL_FAST_MATH = YES;
				PRODUCT_NAME = "$(TARGET_NAME)";
				SWIFT_COMPILATION_MODE = wholemodule;
				SWIFT_OPTIMIZATION_LEVEL = "-O";
				SWIFT_VERSION = 6.0;
			};
			name = Release;
		};
		7E7EFB4CD1FE091C1EE61FAA /* Release */ = {
			isa = XCBuildConfiguration;
			buildSettings = {
				APPLICATION_EXTENSION_API_ONLY = YES;
				APPLICATION_GROUP_IDENTIFIER = group.gs.tinythin.TVOpenVPNClient;
				ASSETCATALOG_COMPILER_APPICON_NAME = "";
				CODE_SIGN_ENTITLEMENTS = PacketTunnel/PacketTunnel.entitlements;
				CURRENT_PROJECT_VERSION = 1;
				DEVELOPMENT_TEAM = 8Z6GM947AG;
				"EXCLUDED_ARCHS[sdk=appletvsimulator*]" = x86_64;
				GENERATE_INFOPLIST_FILE = NO;
				INFOPLIST_FILE = PacketTunnel/Info.plist;
				LD_RUNPATH_SEARCH_PATHS = (
					"$(inherited)",
					"@executable_path/Frameworks",
					"@executable_path/../../Frameworks",
				);
				MARKETING_VERSION = 1.0;
				PRODUCT_BUNDLE_IDENTIFIER = gs.tinythin.TVOpenVPNClient.PacketTunnel;
				SDKROOT = appletvos;
				SWIFT_VERSION = 6.0;
				TVOS_DEPLOYMENT_TARGET = 17.0;
				VALIDATE_PRODUCT = YES;
			};
			name = Release;
		};
		E80C5B553974765BD1629E06 /* Release */ = {
			isa = XCBuildConfiguration;
			buildSettings = {
				APPLICATION_GROUP_IDENTIFIER = group.gs.tinythin.TVOpenVPNClient;
				ASSETCATALOG_COMPILER_APPICON_NAME = "";
				ASSETCATALOG_COMPILER_GLOBAL_ACCENT_COLOR_NAME = AccentColor;
				CODE_SIGN_ENTITLEMENTS = TVOpenVPNClient/App/TVOpenVPNClient.entitlements;
				CURRENT_PROJECT_VERSION = 1;
				DEVELOPMENT_TEAM = 8Z6GM947AG;
				"EXCLUDED_ARCHS[sdk=appletvsimulator*]" = x86_64;
				GENERATE_INFOPLIST_FILE = NO;
				INFOPLIST_FILE = TVOpenVPNClient/App/Info.plist;
				LD_RUNPATH_SEARCH_PATHS = (
					"$(inherited)",
					"@executable_path/Frameworks",
				);
				MARKETING_VERSION = 1.0;
				PRODUCT_BUNDLE_IDENTIFIER = gs.tinythin.TVOpenVPNClient;
				SDKROOT = appletvos;
				SWIFT_VERSION = 6.0;
				TARGETED_DEVICE_FAMILY = 3;
				TVOS_DEPLOYMENT_TARGET = 17.0;
				VALIDATE_PRODUCT = YES;
			};
			name = Release;
		};
		FCE248B48A9BEB7BADCBE378 /* Debug */ = {
			isa = XCBuildConfiguration;
			buildSettings = {
				ALWAYS_SEARCH_USER_PATHS = NO;
				CLANG_ANALYZER_NONNULL = YES;
				CLANG_ANALYZER_NUMBER_OBJECT_CONVERSION = YES_AGGRESSIVE;
				CLANG_CXX_LANGUAGE_STANDARD = "gnu++14";
				CLANG_CXX_LIBRARY = "libc++";
				CLANG_ENABLE_MODULES = YES;
				CLANG_ENABLE_OBJC_ARC = YES;
				CLANG_ENABLE_OBJC_WEAK = YES;
				CLANG_WARN_BLOCK_CAPTURE_AUTORELEASING = YES;
				CLANG_WARN_BOOL_CONVERSION = YES;
				CLANG_WARN_COMMA = YES;
				CLANG_WARN_CONSTANT_CONVERSION = YES;
				CLANG_WARN_DEPRECATED_OBJC_IMPLEMENTATIONS = YES;
				CLANG_WARN_DIRECT_OBJC_ISA_USAGE = YES_ERROR;
				CLANG_WARN_DOCUMENTATION_COMMENTS = YES;
				CLANG_WARN_EMPTY_BODY = YES;
				CLANG_WARN_ENUM_CONVERSION = YES;
				CLANG_WARN_INFINITE_RECURSION = YES;
				CLANG_WARN_INT_CONVERSION = YES;
				CLANG_WARN_NON_LITERAL_NULL_CONVERSION = YES;
				CLANG_WARN_OBJC_IMPLICIT_RETAIN_SELF = YES;
				CLANG_WARN_OBJC_LITERAL_CONVERSION = YES;
				CLANG_WARN_OBJC_ROOT_CLASS = YES_ERROR;
				CLANG_WARN_QUOTED_INCLUDE_IN_FRAMEWORK_HEADER = YES;
				CLANG_WARN_RANGE_LOOP_ANALYSIS = YES;
				CLANG_WARN_STRICT_PROTOTYPES = YES;
				CLANG_WARN_SUSPICIOUS_MOVE = YES;
				CLANG_WARN_UNGUARDED_AVAILABILITY = YES_AGGRESSIVE;
				CLANG_WARN_UNREACHABLE_CODE = YES;
				CLANG_WARN__DUPLICATE_METHOD_MATCH = YES;
				COPY_PHASE_STRIP = NO;
				DEBUG_INFORMATION_FORMAT = dwarf;
				ENABLE_STRICT_OBJC_MSGSEND = YES;
				ENABLE_TESTABILITY = YES;
				GCC_C_LANGUAGE_STANDARD = gnu11;
				GCC_DYNAMIC_NO_PIC = NO;
				GCC_NO_COMMON_BLOCKS = YES;
				GCC_OPTIMIZATION_LEVEL = 0;
				GCC_PREPROCESSOR_DEFINITIONS = (
					"DEBUG=1",
					"$(inherited)",
				);
				GCC_WARN_64_TO_32_BIT_CONVERSION = YES;
				GCC_WARN_ABOUT_RETURN_TYPE = YES_ERROR;
				GCC_WARN_UNDECLARED_SELECTOR = YES;
				GCC_WARN_UNINITIALIZED_AUTOS = YES_AGGRESSIVE;
				GCC_WARN_UNUSED_FUNCTION = YES;
				GCC_WARN_UNUSED_VARIABLE = YES;
				MTL_ENABLE_DEBUG_INFO = INCLUDE_SOURCE;
				MTL_FAST_MATH = YES;
				ONLY_ACTIVE_ARCH = YES;
				PRODUCT_NAME = "$(TARGET_NAME)";
				SWIFT_ACTIVE_COMPILATION_CONDITIONS = DEBUG;
				SWIFT_OPTIMIZATION_LEVEL = "-Onone";
				SWIFT_VERSION = 6.0;
			};
			name = Debug;
		};
/* End XCBuildConfiguration section */

/* Begin XCConfigurationList section */
		86927D199860A3516E8416BD /* Build configuration list for PBXProject "TVOpenVPNClient" */ = {
			isa = XCConfigurationList;
			buildConfigurations = (
				FCE248B48A9BEB7BADCBE378 /* Debug */,
				6D3A13FF0F26B03EC6233DB0 /* Release */,
			);
			defaultConfigurationIsVisible = 0;
			defaultConfigurationName = Release;
		};
		ABEA3C8EE85B0E41957AB050 /* Build configuration list for PBXNativeTarget "PacketTunnel" */ = {
			isa = XCConfigurationList;
			buildConfigurations = (
				7E7EFB4CD1FE091C1EE61FAA /* Release */,
				4B04F2338471873EA678615A /* Debug */,
			);
			defaultConfigurationIsVisible = 0;
			defaultConfigurationName = Release;
		};
		B3DE279980B23A97FABE8319 /* Build configuration list for PBXNativeTarget "TVOpenVPNClient" */ = {
			isa = XCConfigurationList;
			buildConfigurations = (
				E80C5B553974765BD1629E06 /* Release */,
				3744EF004124DAAFBEF7D889 /* Debug */,
			);
			defaultConfigurationIsVisible = 0;
			defaultConfigurationName = Release;
		};
/* End XCConfigurationList section */

/* Begin XCRemoteSwiftPackageReference section */
		B9F28D81E8216EA6F50D3581 /* XCRemoteSwiftPackageReference "partout" */ = {
			isa = XCRemoteSwiftPackageReference;
			repositoryURL = "https://github.com/partout-io/partout";
			requirement = {
				branch = master;
				kind = branch;
			};
		};
/* End XCRemoteSwiftPackageReference section */

/* Begin XCSwiftPackageProductDependency section */
		757C5F38BFAB2C79B9C6C9A3 /* partout */ = {
			isa = XCSwiftPackageProductDependency;
			package = B9F28D81E8216EA6F50D3581 /* XCRemoteSwiftPackageReference "partout" */;
			productName = partout;
		};
		D13DFD08F610AC99158ECC32 /* partout */ = {
			isa = XCSwiftPackageProductDependency;
			package = B9F28D81E8216EA6F50D3581 /* XCRemoteSwiftPackageReference "partout" */;
			productName = partout;
		};
/* End XCSwiftPackageProductDependency section */
	};
	rootObject = FC7488A89903287312EDBF2A /* Project object */;
}
